
Microsoft Visual Studio Solution File, Format Version 12.00
# Visual Studio Version 17
VisualStudioVersion = 17.9.34728.123
MinimumVisualStudioVersion = 10.0.40219.1
Project("{FAE04EC0-301F-11D3-BF4B-00C04F79EFBC}") = "ConsoleApp2", "ConsoleApp2\ConsoleApp2.csproj", "{F3A1085C-AFA3-439C-94FE-49E719B6290C}"
EndProject
Global
	GlobalSection(SolutionConfigurationPlatforms) = preSolution
		Debug|Any CPU = Debug|Any CPU
		Release|Any CPU = Release|Any CPU
	EndGlobalSection
	GlobalSection(ProjectConfigurationPlatforms) = postSolution
		{F3A1085C-AFA3-439C-94FE-49E719B6290C}.Debug|Any CPU.ActiveCfg = Debug|Any CPU
		{F3A1085C-AFA3-439C-94FE-49E719B6290C}.Debug|Any CPU.Build.0 = Debug|Any CPU
		{F3A1085C-AFA3-439C-94FE-49E719B6290C}.Release|Any CPU.ActiveCfg = Release|Any CPU
		{F3A1085C-AFA3-439C-94FE-49E719B6290C}.Release|Any CPU.Build.0 = Release|Any CPU
	EndGlobalSection
	GlobalSection(SolutionProperties) = preSolution
		HideSolutionNode = FALSE
	EndGlobalSection
	GlobalSection(ExtensibilityGlobals) = postSolution
		SolutionGuid = {1DFFB3FD-349B-42E1-B99F-CBDD2E665459}
	EndGlobalSection
EndGlobal
